
Microsoft Visual Studio Solution File, Format Version 12.00
# Visual Studio 15
VisualStudioVersion = 15.0.27703.2026
MinimumVisualStudioVersion = 10.0.40219.1
Project("{8BC9CEB8-8B4A-11D0-8D11-00A0C91BC942}") = "eplkup", "eplkup.vcxproj", "{0BCC9454-ACDB-4317-A65D-740C69700B59}"
EndProject
Global
	GlobalSection(SolutionConfigurationPlatforms) = preSolution
		Debug|x64 = Debug|x64
		Debug|x86 = Debug|x86
		Release|x64 = Release|x64
		Release|x86 = Release|x86
	EndGlobalSection
	GlobalSection(ProjectConfigurationPlatforms) = postSolution
		{0BCC9454-ACDB-4317-A65D-740C69700B59}.Debug|x64.ActiveCfg = Debug|x64
		{0BCC9454-ACDB-4317-A65D-740C69700B59}.Debug|x64.Build.0 = Debug|x64
		{0BCC9454-ACDB-4317-A65D-740C69700B59}.Debug|x86.ActiveCfg = Debug|Win32
		{0BCC9454-ACDB-4317-A65D-740C69700B59}.Debug|x86.Build.0 = Debug|Win32
		{0BCC9454-ACDB-4317-A65D-740C69700B59}.Release|x64.ActiveCfg = Release|x64
		{0BCC9454-ACDB-4317-A65D-740C69700B59}.Release|x64.Build.0 = Release|x64
		{0BCC9454-ACDB-4317-A65D-740C69700B59}.Release|x86.ActiveCfg = Release|Win32
		{0BCC9454-ACDB-4317-A65D-740C69700B59}.Release|x86.Build.0 = Release|Win32
	EndGlobalSection
	GlobalSection(SolutionProperties) = preSolution
		HideSolutionNode = FALSE
	EndGlobalSection
	GlobalSection(ExtensibilityGlobals) = postSolution
		SolutionGuid = {92474850-A29B-4437-BE27-21CFFE118D2D}
	EndGlobalSection
EndGlobal
