<?xml version="1.0" encoding="utf-8"?>
<Project ToolsVersion="4.0" xmlns="http://schemas.microsoft.com/developer/msbuild/2003">
  <ItemGroup>
    <Filter Include="Source Files">
      <UniqueIdentifier>{26a69061-32e6-4473-b749-f7acd9c5ab2c}</UniqueIdentifier>
      <Extensions>cpp;c;cxx;rc;def;r;odl;idl;hpj;bat</Extensions>
    </Filter>
    <Filter Include="Header Files">
      <UniqueIdentifier>{e3b05cc5-244c-4775-8038-673455e795c1}</UniqueIdentifier>
      <Extensions>h;hpp;hxx;hm;inl</Extensions>
    </Filter>
  </ItemGroup>
  <ItemGroup>
    <ClCompile Include="..\eb\eb\appendix.c">
      <Filter>Source Files</Filter>
    </ClCompile>
    <ClCompile Include="..\eb\eb\appsub.c">
      <Filter>Source Files</Filter>
    </ClCompile>
    <ClCompile Include="..\eb\eb\bcd.c">
      <Filter>Source Files</Filter>
    </ClCompile>
    <ClCompile Include="..\eb\eb\binary.c">
      <Filter>Source Files</Filter>
    </ClCompile>
    <ClCompile Include="..\eb\eb\bitmap.c">
      <Filter>Source Files</Filter>
    </ClCompile>
    <ClCompile Include="..\eb\eb\book.c">
      <Filter>Source Files</Filter>
    </ClCompile>
    <ClCompile Include="..\eb\eb\booklist.c">
      <Filter>Source Files</Filter>
    </ClCompile>
    <ClCompile Include="..\eb\eb\copyright.c">
      <Filter>Source Files</Filter>
    </ClCompile>
    <ClCompile Include="..\eb\eb\cross.c">
      <Filter>Source Files</Filter>
    </ClCompile>
    <ClCompile Include="portsrc\dirent.c">
      <Filter>Source Files</Filter>
    </ClCompile>
    <ClCompile Include="..\eb\eb\dummyin6.c">
      <Filter>Source Files</Filter>
    </ClCompile>
    <ClCompile Include="..\eb\eb\eb.c">
      <Filter>Source Files</Filter>
    </ClCompile>
    <ClCompile Include="..\eb\eb\ebnet.c">
      <Filter>Source Files</Filter>
    </ClCompile>
    <ClCompile Include="..\eb\eb\endword.c">
      <Filter>Source Files</Filter>
    </ClCompile>
    <ClCompile Include="..\eb\eb\error.c">
      <Filter>Source Files</Filter>
    </ClCompile>
    <ClCompile Include="..\eb\eb\exactword.c">
      <Filter>Source Files</Filter>
    </ClCompile>
    <ClCompile Include="..\eb\eb\filename.c">
      <Filter>Source Files</Filter>
    </ClCompile>
    <ClCompile Include="..\eb\eb\font.c">
      <Filter>Source Files</Filter>
    </ClCompile>
    <ClCompile Include="..\eb\eb\hook.c">
      <Filter>Source Files</Filter>
    </ClCompile>
    <ClCompile Include="..\eb\eb\jacode.c">
      <Filter>Source Files</Filter>
    </ClCompile>
    <ClCompile Include="..\eb\eb\keyword.c">
      <Filter>Source Files</Filter>
    </ClCompile>
    <ClCompile Include="..\eb\eb\linebuf.c">
      <Filter>Source Files</Filter>
    </ClCompile>
    <ClCompile Include="portsrc\localedir.c">
      <Filter>Source Files</Filter>
    </ClCompile>
    <ClCompile Include="..\eb\eb\lock.c">
      <Filter>Source Files</Filter>
    </ClCompile>
    <ClCompile Include="..\eb\eb\log.c">
      <Filter>Source Files</Filter>
    </ClCompile>
    <ClCompile Include="..\eb\eb\match.c">
      <Filter>Source Files</Filter>
    </ClCompile>
    <ClCompile Include="..\eb\eb\menu.c">
      <Filter>Source Files</Filter>
    </ClCompile>
    <ClCompile Include="..\eb\eb\multi.c">
      <Filter>Source Files</Filter>
    </ClCompile>
    <ClCompile Include="..\eb\eb\multiplex.c">
      <Filter>Source Files</Filter>
    </ClCompile>
    <ClCompile Include="..\eb\eb\narwalt.c">
      <Filter>Source Files</Filter>
    </ClCompile>
    <ClCompile Include="..\eb\eb\narwfont.c">
      <Filter>Source Files</Filter>
    </ClCompile>
    <ClCompile Include="..\eb\eb\readtext.c">
      <Filter>Source Files</Filter>
    </ClCompile>
    <ClCompile Include="..\eb\eb\search.c">
      <Filter>Source Files</Filter>
    </ClCompile>
    <ClCompile Include="..\eb\eb\setword.c">
      <Filter>Source Files</Filter>
    </ClCompile>
    <ClCompile Include="..\eb\eb\stopcode.c">
      <Filter>Source Files</Filter>
    </ClCompile>
    <ClCompile Include="..\eb\eb\strcasecmp.c">
      <Filter>Source Files</Filter>
    </ClCompile>
    <ClCompile Include="..\eb\eb\subbook.c">
      <Filter>Source Files</Filter>
    </ClCompile>
    <ClCompile Include="..\eb\eb\text.c">
      <Filter>Source Files</Filter>
    </ClCompile>
    <ClCompile Include="..\eb\eb\urlparts.c">
      <Filter>Source Files</Filter>
    </ClCompile>
    <ClCompile Include="..\eb\eb\widealt.c">
      <Filter>Source Files</Filter>
    </ClCompile>
    <ClCompile Include="..\eb\eb\widefont.c">
      <Filter>Source Files</Filter>
    </ClCompile>
    <ClCompile Include="..\eb\eb\word.c">
      <Filter>Source Files</Filter>
    </ClCompile>
    <ClCompile Include="..\eb\eb\zio.c">
      <Filter>Source Files</Filter>
    </ClCompile>
  </ItemGroup>
  <ItemGroup>
    <None Include="portsrc\eb.def">
      <Filter>Source Files</Filter>
    </None>
  </ItemGroup>
  <ItemGroup>
    <ResourceCompile Include="portsrc\eb.rc">
      <Filter>Source Files</Filter>
    </ResourceCompile>
  </ItemGroup>
</Project>