<?xml version="1.0" encoding="utf-8"?>
<Project ToolsVersion="4.0" xmlns="http://schemas.microsoft.com/developer/msbuild/2003">
  <ItemGroup>
    <Filter Include="Source Files">
      <UniqueIdentifier>{4c26e583-0ce2-42ee-9545-fd35626b1e95}</UniqueIdentifier>
      <Extensions>cpp;c;cxx;rc;def;r;odl;idl;hpj;bat</Extensions>
    </Filter>
    <Filter Include="Header Files">
      <UniqueIdentifier>{e7fe2b37-bfe7-4f96-957f-b26382ce34de}</UniqueIdentifier>
      <Extensions>h;hpp;hxx;hm;inl</Extensions>
    </Filter>
  </ItemGroup>
  <ItemGroup>
    <ClCompile Include="..\eb\ebzip\copyfile.c">
      <Filter>Source Files</Filter>
    </ClCompile>
    <ClCompile Include="portsrc\dirent.c">
      <Filter>Source Files</Filter>
    </ClCompile>
    <ClCompile Include="..\eb\ebzip\ebzip.c">
      <Filter>Source Files</Filter>
    </ClCompile>
    <ClCompile Include="..\eb\ebzip\ebzip1.c">
      <Filter>Source Files</Filter>
    </ClCompile>
    <ClCompile Include="..\eb\ebzip\sebxa.c">
      <Filter>Source Files</Filter>
    </ClCompile>
    <ClCompile Include="..\eb\ebzip\speedup.c">
      <Filter>Source Files</Filter>
    </ClCompile>
    <ClCompile Include="..\eb\ebzip\unzipbook.c">
      <Filter>Source Files</Filter>
    </ClCompile>
    <ClCompile Include="..\eb\ebzip\unzipfile.c">
      <Filter>Source Files</Filter>
    </ClCompile>
    <ClCompile Include="..\eb\ebzip\zipbook.c">
      <Filter>Source Files</Filter>
    </ClCompile>
    <ClCompile Include="..\eb\ebzip\zipfile.c">
      <Filter>Source Files</Filter>
    </ClCompile>
    <ClCompile Include="..\eb\ebzip\zipinfobook.c">
      <Filter>Source Files</Filter>
    </ClCompile>
    <ClCompile Include="..\eb\ebzip\zipinfofile.c">
      <Filter>Source Files</Filter>
    </ClCompile>
  </ItemGroup>
</Project>