<?xml version="1.0" encoding="utf-8"?>
<Project ToolsVersion="4.0" xmlns="http://schemas.microsoft.com/developer/msbuild/2003">
  <ItemGroup>
    <Filter Include="Source Files">
      <UniqueIdentifier>{6ee203b4-b61d-4e73-977f-c814e499c6aa}</UniqueIdentifier>
      <Extensions>cpp;c;cxx;rc;def;r;odl;idl;hpj;bat</Extensions>
    </Filter>
    <Filter Include="Header Files">
      <UniqueIdentifier>{2f09a09c-63ef-434b-b958-129436454625}</UniqueIdentifier>
      <Extensions>h;hpp;hxx;hm;inl</Extensions>
    </Filter>
  </ItemGroup>
  <ItemGroup>
    <ClCompile Include="iconv\iconv.c">
      <Filter>Source Files</Filter>
    </ClCompile>
    <ClCompile Include="iconv\libcharset.c">
      <Filter>Source Files</Filter>
    </ClCompile>
  </ItemGroup>
</Project>