<?xml version="1.0" encoding="utf-8"?>
<Project ToolsVersion="4.0" xmlns="http://schemas.microsoft.com/developer/msbuild/2003">
  <ItemGroup>
    <Filter Include="Source Files">
      <UniqueIdentifier>{4faa52d7-0a53-4aca-a885-6cfdd1d7e322}</UniqueIdentifier>
      <Extensions>cpp;c;cxx;rc;def;r;odl;idl;hpj;bat</Extensions>
    </Filter>
    <Filter Include="Header Files">
      <UniqueIdentifier>{8cd04727-27a4-4dbd-9bef-e9dbe10f5487}</UniqueIdentifier>
      <Extensions>h;hpp;hxx;hm;inl</Extensions>
    </Filter>
  </ItemGroup>
  <ItemGroup>
    <ClCompile Include="intl\gettext.c">
      <Filter>Source Files</Filter>
    </ClCompile>
    <ClCompile Include="intl\gettext_dummy.c">
      <Filter>Source Files</Filter>
    </ClCompile>
    <ClCompile Include="intl\strlcat.c">
      <Filter>Source Files</Filter>
    </ClCompile>
    <ClCompile Include="intl\strlcpy.c">
      <Filter>Source Files</Filter>
    </ClCompile>
    <ClCompile Include="intl\strsep.c">
      <Filter>Source Files</Filter>
    </ClCompile>
    <ClCompile Include="intl\textdomain.c">
      <Filter>Source Files</Filter>
    </ClCompile>
  </ItemGroup>
  <ItemGroup>
    <None Include="intl\libintl.def">
      <Filter>Source Files</Filter>
    </None>
  </ItemGroup>
  <ItemGroup>
    <ClInclude Include="intl\libintl.h">
      <Filter>Source Files</Filter>
    </ClInclude>
    <ClInclude Include="intl\libintl_local.h">
      <Filter>Source Files</Filter>
    </ClInclude>
    <ClInclude Include="intl\pathnames.h">
      <Filter>Source Files</Filter>
    </ClInclude>
  </ItemGroup>
</Project>